
Microsoft Visual Studio Solution File, Format Version 12.00
# Visual Studio Version 17
VisualStudioVersion = 17.8.34330.188
MinimumVisualStudioVersion = 10.0.40219.1
Project("{FAE04EC0-301F-11D3-BF4B-00C04F79EFBC}") = "test", "test\test.csproj", "{00222AE6-2E81-4A66-8264-64AA26795E5C}"
EndProject
Project("{FAE04EC0-301F-11D3-BF4B-00C04F79EFBC}") = "test.UnitTests", "test.UnitTests\test.UnitTests.csproj", "{EA77A7B3-3B1F-4285-BE57-15E737881C71}"
EndProject
Global
	GlobalSection(SolutionConfigurationPlatforms) = preSolution
		Debug|Any CPU = Debug|Any CPU
		Release|Any CPU = Release|Any CPU
	EndGlobalSection
	GlobalSection(ProjectConfigurationPlatforms) = postSolution
		{00222AE6-2E81-4A66-8264-64AA26795E5C}.Debug|Any CPU.ActiveCfg = Debug|Any CPU
		{00222AE6-2E81-4A66-8264-64AA26795E5C}.Debug|Any CPU.Build.0 = Debug|Any CPU
		{00222AE6-2E81-4A66-8264-64AA26795E5C}.Release|Any CPU.ActiveCfg = Release|Any CPU
		{00222AE6-2E81-4A66-8264-64AA26795E5C}.Release|Any CPU.Build.0 = Release|Any CPU
		{EA77A7B3-3B1F-4285-BE57-15E737881C71}.Debug|Any CPU.ActiveCfg = Debug|Any CPU
		{EA77A7B3-3B1F-4285-BE57-15E737881C71}.Debug|Any CPU.Build.0 = Debug|Any CPU
		{EA77A7B3-3B1F-4285-BE57-15E737881C71}.Release|Any CPU.ActiveCfg = Release|Any CPU
		{EA77A7B3-3B1F-4285-BE57-15E737881C71}.Release|Any CPU.Build.0 = Release|Any CPU
	EndGlobalSection
	GlobalSection(SolutionProperties) = preSolution
		HideSolutionNode = FALSE
	EndGlobalSection
	GlobalSection(ExtensibilityGlobals) = postSolution
		SolutionGuid = {F1FEB487-F83F-47DE-BDE9-8397956F7DD8}
	EndGlobalSection
EndGlobal
